
Microsoft Visual Studio Solution File, Format Version 12.00
# Visual Studio Version 17
VisualStudioVersion = 17.0.31919.166
MinimumVisualStudioVersion = 10.0.40219.1
Project("{9A19103F-16F7-4668-BE54-9A1E7A4F7556}") = "DataAccess", "DataAccess\DataAccess.csproj", "{D784996E-8350-435C-877C-3C84D1EB3BCA}"
EndProject
Project("{9A19103F-16F7-4668-BE54-9A1E7A4F7556}") = "Entities", "Entities\Entities.csproj", "{9EFE2F60-C147-47C8-AAD6-F2BD16618714}"
EndProject
Project("{9A19103F-16F7-4668-BE54-9A1E7A4F7556}") = "Business", "Business\Business.csproj", "{C301806D-E623-40C1-9117-3EEB8E6C8F72}"
EndProject
Project("{9A19103F-16F7-4668-BE54-9A1E7A4F7556}") = "ConsoleUI", "ConsoleUI\ConsoleUI.csproj", "{299D5A53-4F48-4E24-B80E-367A4BF1A066}"
EndProject
Project("{FAE04EC0-301F-11D3-BF4B-00C04F79EFBC}") = "Core", "Core\Core.csproj", "{FA980761-55B0-4567-BFE1-8B6BDCC7C87A}"
EndProject
Global
	GlobalSection(SolutionConfigurationPlatforms) = preSolution
		Debug|Any CPU = Debug|Any CPU
		Release|Any CPU = Release|Any CPU
	EndGlobalSection
	GlobalSection(ProjectConfigurationPlatforms) = postSolution
		{D784996E-8350-435C-877C-3C84D1EB3BCA}.Debug|Any CPU.ActiveCfg = Debug|Any CPU
		{D784996E-8350-435C-877C-3C84D1EB3BCA}.Debug|Any CPU.Build.0 = Debug|Any CPU
		{D784996E-8350-435C-877C-3C84D1EB3BCA}.Release|Any CPU.ActiveCfg = Release|Any CPU
		{D784996E-8350-435C-877C-3C84D1EB3BCA}.Release|Any CPU.Build.0 = Release|Any CPU
		{9EFE2F60-C147-47C8-AAD6-F2BD16618714}.Debug|Any CPU.ActiveCfg = Debug|Any CPU
		{9EFE2F60-C147-47C8-AAD6-F2BD16618714}.Debug|Any CPU.Build.0 = Debug|Any CPU
		{9EFE2F60-C147-47C8-AAD6-F2BD16618714}.Release|Any CPU.ActiveCfg = Release|Any CPU
		{9EFE2F60-C147-47C8-AAD6-F2BD16618714}.Release|Any CPU.Build.0 = Release|Any CPU
		{C301806D-E623-40C1-9117-3EEB8E6C8F72}.Debug|Any CPU.ActiveCfg = Debug|Any CPU
		{C301806D-E623-40C1-9117-3EEB8E6C8F72}.Debug|Any CPU.Build.0 = Debug|Any CPU
		{C301806D-E623-40C1-9117-3EEB8E6C8F72}.Release|Any CPU.ActiveCfg = Release|Any CPU
		{C301806D-E623-40C1-9117-3EEB8E6C8F72}.Release|Any CPU.Build.0 = Release|Any CPU
		{299D5A53-4F48-4E24-B80E-367A4BF1A066}.Debug|Any CPU.ActiveCfg = Debug|Any CPU
		{299D5A53-4F48-4E24-B80E-367A4BF1A066}.Debug|Any CPU.Build.0 = Debug|Any CPU
		{299D5A53-4F48-4E24-B80E-367A4BF1A066}.Release|Any CPU.ActiveCfg = Release|Any CPU
		{299D5A53-4F48-4E24-B80E-367A4BF1A066}.Release|Any CPU.Build.0 = Release|Any CPU
		{FA980761-55B0-4567-BFE1-8B6BDCC7C87A}.Debug|Any CPU.ActiveCfg = Debug|Any CPU
		{FA980761-55B0-4567-BFE1-8B6BDCC7C87A}.Debug|Any CPU.Build.0 = Debug|Any CPU
		{FA980761-55B0-4567-BFE1-8B6BDCC7C87A}.Release|Any CPU.ActiveCfg = Release|Any CPU
		{FA980761-55B0-4567-BFE1-8B6BDCC7C87A}.Release|Any CPU.Build.0 = Release|Any CPU
	EndGlobalSection
	GlobalSection(SolutionProperties) = preSolution
		HideSolutionNode = FALSE
	EndGlobalSection
	GlobalSection(ExtensibilityGlobals) = postSolution
		SolutionGuid = {B82FBED0-E402-4B24-A335-31B1BBE7496F}
	EndGlobalSection
EndGlobal
